// !$*UTF8*$!
{
	archiveVersion = 1;
	classes = {
	};
	objectVersion = 60;
	objects = {

/* Begin PBXBuildFile section */
		F00000000000000000000101 /* App/AppRoute.swift in Sources */ = {isa = PBXBuildFile; fileRef = A00000000000000000000101 /* App/AppRoute.swift */; };
		F00000000000000000000102 /* App/NuguSauceApp.swift in Sources */ = {isa = PBXBuildFile; fileRef = A00000000000000000000102 /* App/NuguSauceApp.swift */; };
		F00000000000000000000103 /* App/RootTabView.swift in Sources */ = {isa = PBXBuildFile; fileRef = A00000000000000000000103 /* App/RootTabView.swift */; };
		F00000000000000000000128 /* App/StartupSplashView.swift in Sources */ = {isa = PBXBuildFile; fileRef = A00000000000000000000128 /* App/StartupSplashView.swift */; };
		F00000000000000000000104 /* Core/API/APIModels.swift in Sources */ = {isa = PBXBuildFile; fileRef = A00000000000000000000104 /* Core/API/APIModels.swift */; };
		F00000000000000000000105 /* Core/API/BackendAPIClient.swift in Sources */ = {isa = PBXBuildFile; fileRef = A00000000000000000000105 /* Core/API/BackendAPIClient.swift */; };
		F00000000000000000000106 /* Core/Auth/AuthSession.swift in Sources */ = {isa = PBXBuildFile; fileRef = A00000000000000000000106 /* Core/Auth/AuthSession.swift */; };
		F00000000000000000000107 /* Core/Auth/KakaoLoginService.swift in Sources */ = {isa = PBXBuildFile; fileRef = A00000000000000000000107 /* Core/Auth/KakaoLoginService.swift */; };
		F00000000000000000000108 /* Core/Models/RecipeModels.swift in Sources */ = {isa = PBXBuildFile; fileRef = A00000000000000000000108 /* Core/Models/RecipeModels.swift */; };
		F00000000000000000000109 /* Features/Home/HomeViewModel.swift in Sources */ = {isa = PBXBuildFile; fileRef = A00000000000000000000109 /* Features/Home/HomeViewModel.swift */; };
		F00000000000000000000110 /* Features/Home/HomeView.swift in Sources */ = {isa = PBXBuildFile; fileRef = A00000000000000000000110 /* Features/Home/HomeView.swift */; };
		F00000000000000000000111 /* Features/RecipeDetail/RecipeDetailViewModel.swift in Sources */ = {isa = PBXBuildFile; fileRef = A00000000000000000000111 /* Features/RecipeDetail/RecipeDetailViewModel.swift */; };
		F00000000000000000000112 /* Features/RecipeDetail/RecipeDetailView.swift in Sources */ = {isa = PBXBuildFile; fileRef = A00000000000000000000112 /* Features/RecipeDetail/RecipeDetailView.swift */; };
		F00000000000000000000113 /* Features/CreateRecipe/CreateRecipeViewModel.swift in Sources */ = {isa = PBXBuildFile; fileRef = A00000000000000000000113 /* Features/CreateRecipe/CreateRecipeViewModel.swift */; };
		F00000000000000000000114 /* Features/CreateRecipe/CreateRecipeView.swift in Sources */ = {isa = PBXBuildFile; fileRef = A00000000000000000000114 /* Features/CreateRecipe/CreateRecipeView.swift */; };
		F00000000000000000000115 /* Features/Search/SearchViewModel.swift in Sources */ = {isa = PBXBuildFile; fileRef = A00000000000000000000115 /* Features/Search/SearchViewModel.swift */; };
		F00000000000000000000116 /* Features/Search/SearchView.swift in Sources */ = {isa = PBXBuildFile; fileRef = A00000000000000000000116 /* Features/Search/SearchView.swift */; };
		F00000000000000000000117 /* Features/Profile/ProfileViewModel.swift in Sources */ = {isa = PBXBuildFile; fileRef = A00000000000000000000117 /* Features/Profile/ProfileViewModel.swift */; };
		F00000000000000000000118 /* Features/Profile/ProfileView.swift in Sources */ = {isa = PBXBuildFile; fileRef = A00000000000000000000118 /* Features/Profile/ProfileView.swift */; };
		F00000000000000000000119 /* Shared/DesignSystem.swift in Sources */ = {isa = PBXBuildFile; fileRef = A00000000000000000000119 /* Shared/DesignSystem.swift */; };
		F00000000000000000000120 /* Shared/SauceComponents.swift in Sources */ = {isa = PBXBuildFile; fileRef = A00000000000000000000120 /* Shared/SauceComponents.swift */; };
		F00000000000000000000122 /* Features/Favorites/FavoritesViewModel.swift in Sources */ = {isa = PBXBuildFile; fileRef = A00000000000000000000122 /* Features/Favorites/FavoritesViewModel.swift */; };
		F00000000000000000000123 /* Features/Favorites/FavoritesView.swift in Sources */ = {isa = PBXBuildFile; fileRef = A00000000000000000000123 /* Features/Favorites/FavoritesView.swift */; };
		F00000000000000000000124 /* Resources/Assets.xcassets in Resources */ = {isa = PBXBuildFile; fileRef = A00000000000000000000124 /* Resources/Assets.xcassets */; };
		F00000000000000000000125 /* Features/Auth/LoginView.swift in Sources */ = {isa = PBXBuildFile; fileRef = A00000000000000000000125 /* Features/Auth/LoginView.swift */; };
		F00000000000000000000126 /* Shared/ImageUploadPreprocessor.swift in Sources */ = {isa = PBXBuildFile; fileRef = A00000000000000000000126 /* Shared/ImageUploadPreprocessor.swift */; };
		F00000000000000000000127 /* Core/API/CachingAPIClient.swift in Sources */ = {isa = PBXBuildFile; fileRef = A00000000000000000000127 /* Core/API/CachingAPIClient.swift */; };
		F00000000000000000000201 /* APIContractTests.swift in Sources */ = {isa = PBXBuildFile; fileRef = A00000000000000000000201 /* APIContractTests.swift */; };
		F00000000000000000000202 /* ViewModelTests.swift in Sources */ = {isa = PBXBuildFile; fileRef = A00000000000000000000202 /* ViewModelTests.swift */; };
		F00000000000000000000203 /* CachingAPIClientTests.swift in Sources */ = {isa = PBXBuildFile; fileRef = A00000000000000000000203 /* CachingAPIClientTests.swift */; };
		F00000000000000000000301 /* NuguSauceUITests.swift in Sources */ = {isa = PBXBuildFile; fileRef = A00000000000000000000301 /* NuguSauceUITests.swift */; };
		F00000000000000000000401 /* KakaoSDKCommon in Frameworks */ = {isa = PBXBuildFile; productRef = P00000000000000000000401 /* KakaoSDKCommon */; };
		F00000000000000000000402 /* KakaoSDKAuth in Frameworks */ = {isa = PBXBuildFile; productRef = P00000000000000000000402 /* KakaoSDKAuth */; };
		F00000000000000000000403 /* KakaoSDKUser in Frameworks */ = {isa = PBXBuildFile; productRef = P00000000000000000000403 /* KakaoSDKUser */; };
/* End PBXBuildFile section */

/* Begin PBXContainerItemProxy section */
		D00000000000000000000001 /* PBXContainerItemProxy */ = {
			isa = PBXContainerItemProxy;
			containerPortal = A00000000000000000000001 /* Project object */;
			proxyType = 1;
			remoteGlobalIDString = A00000000000000000001000;
			remoteInfo = NuguSauce;
		};
		D00000000000000000000002 /* PBXContainerItemProxy */ = {
			isa = PBXContainerItemProxy;
			containerPortal = A00000000000000000000001 /* Project object */;
			proxyType = 1;
			remoteGlobalIDString = A00000000000000000001000;
			remoteInfo = NuguSauce;
		};
/* End PBXContainerItemProxy section */

/* Begin PBXFileReference section */
		A00000000000000000000101 /* App/AppRoute.swift */ = {isa = PBXFileReference; lastKnownFileType = sourcecode.swift; path = App/AppRoute.swift; sourceTree = "<group>"; };
		A00000000000000000000102 /* App/NuguSauceApp.swift */ = {isa = PBXFileReference; lastKnownFileType = sourcecode.swift; path = App/NuguSauceApp.swift; sourceTree = "<group>"; };
		A00000000000000000000103 /* App/RootTabView.swift */ = {isa = PBXFileReference; lastKnownFileType = sourcecode.swift; path = App/RootTabView.swift; sourceTree = "<group>"; };
		A00000000000000000000128 /* App/StartupSplashView.swift */ = {isa = PBXFileReference; lastKnownFileType = sourcecode.swift; path = App/StartupSplashView.swift; sourceTree = "<group>"; };
		A00000000000000000000104 /* Core/API/APIModels.swift */ = {isa = PBXFileReference; lastKnownFileType = sourcecode.swift; path = Core/API/APIModels.swift; sourceTree = "<group>"; };
		A00000000000000000000105 /* Core/API/BackendAPIClient.swift */ = {isa = PBXFileReference; lastKnownFileType = sourcecode.swift; path = Core/API/BackendAPIClient.swift; sourceTree = "<group>"; };
		A00000000000000000000106 /* Core/Auth/AuthSession.swift */ = {isa = PBXFileReference; lastKnownFileType = sourcecode.swift; path = Core/Auth/AuthSession.swift; sourceTree = "<group>"; };
		A00000000000000000000107 /* Core/Auth/KakaoLoginService.swift */ = {isa = PBXFileReference; lastKnownFileType = sourcecode.swift; path = Core/Auth/KakaoLoginService.swift; sourceTree = "<group>"; };
		A00000000000000000000108 /* Core/Models/RecipeModels.swift */ = {isa = PBXFileReference; lastKnownFileType = sourcecode.swift; path = Core/Models/RecipeModels.swift; sourceTree = "<group>"; };
		A00000000000000000000109 /* Features/Home/HomeViewModel.swift */ = {isa = PBXFileReference; lastKnownFileType = sourcecode.swift; path = Features/Home/HomeViewModel.swift; sourceTree = "<group>"; };
		A00000000000000000000110 /* Features/Home/HomeView.swift */ = {isa = PBXFileReference; lastKnownFileType = sourcecode.swift; path = Features/Home/HomeView.swift; sourceTree = "<group>"; };
		A00000000000000000000111 /* Features/RecipeDetail/RecipeDetailViewModel.swift */ = {isa = PBXFileReference; lastKnownFileType = sourcecode.swift; path = Features/RecipeDetail/RecipeDetailViewModel.swift; sourceTree = "<group>"; };
		A00000000000000000000112 /* Features/RecipeDetail/RecipeDetailView.swift */ = {isa = PBXFileReference; lastKnownFileType = sourcecode.swift; path = Features/RecipeDetail/RecipeDetailView.swift; sourceTree = "<group>"; };
		A00000000000000000000113 /* Features/CreateRecipe/CreateRecipeViewModel.swift */ = {isa = PBXFileReference; lastKnownFileType = sourcecode.swift; path = Features/CreateRecipe/CreateRecipeViewModel.swift; sourceTree = "<group>"; };
		A00000000000000000000114 /* Features/CreateRecipe/CreateRecipeView.swift */ = {isa = PBXFileReference; lastKnownFileType = sourcecode.swift; path = Features/CreateRecipe/CreateRecipeView.swift; sourceTree = "<group>"; };
		A00000000000000000000115 /* Features/Search/SearchViewModel.swift */ = {isa = PBXFileReference; lastKnownFileType = sourcecode.swift; path = Features/Search/SearchViewModel.swift; sourceTree = "<group>"; };
		A00000000000000000000116 /* Features/Search/SearchView.swift */ = {isa = PBXFileReference; lastKnownFileType = sourcecode.swift; path = Features/Search/SearchView.swift; sourceTree = "<group>"; };
		A00000000000000000000117 /* Features/Profile/ProfileViewModel.swift */ = {isa = PBXFileReference; lastKnownFileType = sourcecode.swift; path = Features/Profile/ProfileViewModel.swift; sourceTree = "<group>"; };
		A00000000000000000000118 /* Features/Profile/ProfileView.swift */ = {isa = PBXFileReference; lastKnownFileType = sourcecode.swift; path = Features/Profile/ProfileView.swift; sourceTree = "<group>"; };
		A00000000000000000000119 /* Shared/DesignSystem.swift */ = {isa = PBXFileReference; lastKnownFileType = sourcecode.swift; path = Shared/DesignSystem.swift; sourceTree = "<group>"; };
		A00000000000000000000120 /* Shared/SauceComponents.swift */ = {isa = PBXFileReference; lastKnownFileType = sourcecode.swift; path = Shared/SauceComponents.swift; sourceTree = "<group>"; };
		A00000000000000000000121 /* Info.plist */ = {isa = PBXFileReference; lastKnownFileType = text.plist.xml; path = Info.plist; sourceTree = "<group>"; };
		A00000000000000000000122 /* Features/Favorites/FavoritesViewModel.swift */ = {isa = PBXFileReference; lastKnownFileType = sourcecode.swift; path = Features/Favorites/FavoritesViewModel.swift; sourceTree = "<group>"; };
		A00000000000000000000123 /* Features/Favorites/FavoritesView.swift */ = {isa = PBXFileReference; lastKnownFileType = sourcecode.swift; path = Features/Favorites/FavoritesView.swift; sourceTree = "<group>"; };
		A00000000000000000000124 /* Resources/Assets.xcassets */ = {isa = PBXFileReference; lastKnownFileType = folder.assetcatalog; path = Resources/Assets.xcassets; sourceTree = "<group>"; };
		A00000000000000000000125 /* Features/Auth/LoginView.swift */ = {isa = PBXFileReference; lastKnownFileType = sourcecode.swift; path = Features/Auth/LoginView.swift; sourceTree = "<group>"; };
		A00000000000000000000126 /* Shared/ImageUploadPreprocessor.swift */ = {isa = PBXFileReference; lastKnownFileType = sourcecode.swift; path = Shared/ImageUploadPreprocessor.swift; sourceTree = "<group>"; };
		A00000000000000000000127 /* Core/API/CachingAPIClient.swift */ = {isa = PBXFileReference; lastKnownFileType = sourcecode.swift; path = Core/API/CachingAPIClient.swift; sourceTree = "<group>"; };
		A00000000000000000000201 /* APIContractTests.swift */ = {isa = PBXFileReference; lastKnownFileType = sourcecode.swift; path = APIContractTests.swift; sourceTree = "<group>"; };
		A00000000000000000000202 /* ViewModelTests.swift */ = {isa = PBXFileReference; lastKnownFileType = sourcecode.swift; path = ViewModelTests.swift; sourceTree = "<group>"; };
		A00000000000000000000203 /* CachingAPIClientTests.swift */ = {isa = PBXFileReference; lastKnownFileType = sourcecode.swift; path = CachingAPIClientTests.swift; sourceTree = "<group>"; };
		A00000000000000000000301 /* NuguSauceUITests.swift */ = {isa = PBXFileReference; lastKnownFileType = sourcecode.swift; path = NuguSauceUITests.swift; sourceTree = "<group>"; };
		A00000000000000000000901 /* NuguSauce.app */ = {isa = PBXFileReference; explicitFileType = wrapper.application; includeInIndex = 0; path = NuguSauce.app; sourceTree = BUILT_PRODUCTS_DIR; };
		A00000000000000000000902 /* NuguSauceTests.xctest */ = {isa = PBXFileReference; explicitFileType = wrapper.cfbundle; includeInIndex = 0; path = NuguSauceTests.xctest; sourceTree = BUILT_PRODUCTS_DIR; };
		A00000000000000000000903 /* NuguSauceUITests.xctest */ = {isa = PBXFileReference; explicitFileType = wrapper.cfbundle; includeInIndex = 0; path = NuguSauceUITests.xctest; sourceTree = BUILT_PRODUCTS_DIR; };
/* End PBXFileReference section */

/* Begin PBXFrameworksBuildPhase section */
		A00000000000000000001102 /* Frameworks */ = {
			isa = PBXFrameworksBuildPhase;
			buildActionMask = 2147483647;
			files = (
				F00000000000000000000401 /* KakaoSDKCommon in Frameworks */,
				F00000000000000000000402 /* KakaoSDKAuth in Frameworks */,
				F00000000000000000000403 /* KakaoSDKUser in Frameworks */,
			);
			runOnlyForDeploymentPostprocessing = 0;
		};
		A00000000000000000001202 /* Frameworks */ = {
			isa = PBXFrameworksBuildPhase;
			buildActionMask = 2147483647;
			files = (
			);
			runOnlyForDeploymentPostprocessing = 0;
		};
		A00000000000000000001302 /* Frameworks */ = {
			isa = PBXFrameworksBuildPhase;
			buildActionMask = 2147483647;
			files = (
			);
			runOnlyForDeploymentPostprocessing = 0;
		};
/* End PBXFrameworksBuildPhase section */

/* Begin PBXGroup section */
		A00000000000000000000010 = {
			isa = PBXGroup;
			children = (
				A00000000000000000000020 /* NuguSauce */,
				A00000000000000000000030 /* NuguSauceTests */,
				A00000000000000000000040 /* NuguSauceUITests */,
				A00000000000000000000050 /* Products */,
			);
			sourceTree = "<group>";
		};
		A00000000000000000000020 /* NuguSauce */ = {
			isa = PBXGroup;
			children = (
				A00000000000000000000101 /* App/AppRoute.swift */,
				A00000000000000000000102 /* App/NuguSauceApp.swift */,
				A00000000000000000000103 /* App/RootTabView.swift */,
				A00000000000000000000128 /* App/StartupSplashView.swift */,
				A00000000000000000000104 /* Core/API/APIModels.swift */,
				A00000000000000000000105 /* Core/API/BackendAPIClient.swift */,
				A00000000000000000000127 /* Core/API/CachingAPIClient.swift */,
				A00000000000000000000106 /* Core/Auth/AuthSession.swift */,
				A00000000000000000000107 /* Core/Auth/KakaoLoginService.swift */,
				A00000000000000000000108 /* Core/Models/RecipeModels.swift */,
				A00000000000000000000125 /* Features/Auth/LoginView.swift */,
				A00000000000000000000109 /* Features/Home/HomeViewModel.swift */,
				A00000000000000000000110 /* Features/Home/HomeView.swift */,
				A00000000000000000000111 /* Features/RecipeDetail/RecipeDetailViewModel.swift */,
				A00000000000000000000112 /* Features/RecipeDetail/RecipeDetailView.swift */,
				A00000000000000000000113 /* Features/CreateRecipe/CreateRecipeViewModel.swift */,
				A00000000000000000000114 /* Features/CreateRecipe/CreateRecipeView.swift */,
				A00000000000000000000115 /* Features/Search/SearchViewModel.swift */,
				A00000000000000000000116 /* Features/Search/SearchView.swift */,
				A00000000000000000000117 /* Features/Profile/ProfileViewModel.swift */,
				A00000000000000000000118 /* Features/Profile/ProfileView.swift */,
				A00000000000000000000122 /* Features/Favorites/FavoritesViewModel.swift */,
				A00000000000000000000123 /* Features/Favorites/FavoritesView.swift */,
				A00000000000000000000119 /* Shared/DesignSystem.swift */,
				A00000000000000000000120 /* Shared/SauceComponents.swift */,
				A00000000000000000000126 /* Shared/ImageUploadPreprocessor.swift */,
				A00000000000000000000124 /* Resources/Assets.xcassets */,
				A00000000000000000000121 /* Info.plist */,
			);
			path = NuguSauce;
			sourceTree = "<group>";
		};
		A00000000000000000000030 /* NuguSauceTests */ = {
			isa = PBXGroup;
			children = (
				A00000000000000000000201 /* APIContractTests.swift */,
				A00000000000000000000202 /* ViewModelTests.swift */,
				A00000000000000000000203 /* CachingAPIClientTests.swift */,
			);
			path = NuguSauceTests;
			sourceTree = "<group>";
		};
		A00000000000000000000040 /* NuguSauceUITests */ = {
			isa = PBXGroup;
			children = (
				A00000000000000000000301 /* NuguSauceUITests.swift */,
			);
			path = NuguSauceUITests;
			sourceTree = "<group>";
		};
		A00000000000000000000050 /* Products */ = {
			isa = PBXGroup;
			children = (
				A00000000000000000000901 /* NuguSauce.app */,
				A00000000000000000000902 /* NuguSauceTests.xctest */,
				A00000000000000000000903 /* NuguSauceUITests.xctest */,
			);
			name = Products;
			sourceTree = "<group>";
		};
/* End PBXGroup section */

/* Begin PBXNativeTarget section */
		A00000000000000000001000 /* NuguSauce */ = {
			isa = PBXNativeTarget;
			buildConfigurationList = A00000000000000000002010 /* Build configuration list for PBXNativeTarget "NuguSauce" */;
			buildPhases = (
				A00000000000000000001101 /* Sources */,
				A00000000000000000001102 /* Frameworks */,
				A00000000000000000001103 /* Resources */,
			);
			buildRules = (
			);
			dependencies = (
			);
			name = NuguSauce;
			packageProductDependencies = (
				P00000000000000000000401 /* KakaoSDKCommon */,
				P00000000000000000000402 /* KakaoSDKAuth */,
				P00000000000000000000403 /* KakaoSDKUser */,
			);
			productName = NuguSauce;
			productReference = A00000000000000000000901 /* NuguSauce.app */;
			productType = "com.apple.product-type.application";
		};
		A00000000000000000001001 /* NuguSauceTests */ = {
			isa = PBXNativeTarget;
			buildConfigurationList = A00000000000000000002020 /* Build configuration list for PBXNativeTarget "NuguSauceTests" */;
			buildPhases = (
				A00000000000000000001201 /* Sources */,
				A00000000000000000001202 /* Frameworks */,
				A00000000000000000001203 /* Resources */,
			);
			buildRules = (
			);
			dependencies = (
				D00000000000000000000011 /* PBXTargetDependency */,
			);
			name = NuguSauceTests;
			productName = NuguSauceTests;
			productReference = A00000000000000000000902 /* NuguSauceTests.xctest */;
			productType = "com.apple.product-type.bundle.unit-test";
		};
		A00000000000000000001002 /* NuguSauceUITests */ = {
			isa = PBXNativeTarget;
			buildConfigurationList = A00000000000000000002030 /* Build configuration list for PBXNativeTarget "NuguSauceUITests" */;
			buildPhases = (
				A00000000000000000001301 /* Sources */,
				A00000000000000000001302 /* Frameworks */,
				A00000000000000000001303 /* Resources */,
			);
			buildRules = (
			);
			dependencies = (
				D00000000000000000000012 /* PBXTargetDependency */,
			);
			name = NuguSauceUITests;
			productName = NuguSauceUITests;
			productReference = A00000000000000000000903 /* NuguSauceUITests.xctest */;
			productType = "com.apple.product-type.bundle.ui-testing";
		};
/* End PBXNativeTarget section */

/* Begin PBXProject section */
		A00000000000000000000001 /* Project object */ = {
			isa = PBXProject;
			attributes = {
				BuildIndependentTargetsInParallel = 1;
				LastSwiftUpdateCheck = 2600;
				LastUpgradeCheck = 2600;
				TargetAttributes = {
					A00000000000000000001000 = {
						CreatedOnToolsVersion = 26.0;
					};
					A00000000000000000001001 = {
						CreatedOnToolsVersion = 26.0;
						TestTargetID = A00000000000000000001000;
					};
					A00000000000000000001002 = {
						CreatedOnToolsVersion = 26.0;
						TestTargetID = A00000000000000000001000;
					};
				};
			};
			buildConfigurationList = A00000000000000000002000 /* Build configuration list for PBXProject "NuguSauce" */;
			compatibilityVersion = "Xcode 15.0";
			developmentRegion = en;
			hasScannedForEncodings = 0;
			knownRegions = (
				en,
				Base,
			);
			mainGroup = A00000000000000000000010;
			packageReferences = (
				P00000000000000000000400 /* XCRemoteSwiftPackageReference "kakao-ios-sdk" */,
			);
			productRefGroup = A00000000000000000000050 /* Products */;
			projectDirPath = "";
			projectRoot = "";
			targets = (
				A00000000000000000001000 /* NuguSauce */,
				A00000000000000000001001 /* NuguSauceTests */,
				A00000000000000000001002 /* NuguSauceUITests */,
			);
		};
/* End PBXProject section */

/* Begin PBXResourcesBuildPhase section */
		A00000000000000000001103 /* Resources */ = {
			isa = PBXResourcesBuildPhase;
			buildActionMask = 2147483647;
			files = (
				F00000000000000000000124 /* Resources/Assets.xcassets in Resources */,
			);
			runOnlyForDeploymentPostprocessing = 0;
		};
		A00000000000000000001203 /* Resources */ = {
			isa = PBXResourcesBuildPhase;
			buildActionMask = 2147483647;
			files = (
			);
			runOnlyForDeploymentPostprocessing = 0;
		};
		A00000000000000000001303 /* Resources */ = {
			isa = PBXResourcesBuildPhase;
			buildActionMask = 2147483647;
			files = (
			);
			runOnlyForDeploymentPostprocessing = 0;
		};
/* End PBXResourcesBuildPhase section */

/* Begin PBXSourcesBuildPhase section */
		A00000000000000000001101 /* Sources */ = {
			isa = PBXSourcesBuildPhase;
			buildActionMask = 2147483647;
			files = (
				F00000000000000000000101 /* App/AppRoute.swift in Sources */,
				F00000000000000000000102 /* App/NuguSauceApp.swift in Sources */,
				F00000000000000000000103 /* App/RootTabView.swift in Sources */,
				F00000000000000000000128 /* App/StartupSplashView.swift in Sources */,
				F00000000000000000000104 /* Core/API/APIModels.swift in Sources */,
				F00000000000000000000105 /* Core/API/BackendAPIClient.swift in Sources */,
				F00000000000000000000127 /* Core/API/CachingAPIClient.swift in Sources */,
				F00000000000000000000106 /* Core/Auth/AuthSession.swift in Sources */,
				F00000000000000000000107 /* Core/Auth/KakaoLoginService.swift in Sources */,
				F00000000000000000000108 /* Core/Models/RecipeModels.swift in Sources */,
				F00000000000000000000109 /* Features/Home/HomeViewModel.swift in Sources */,
				F00000000000000000000110 /* Features/Home/HomeView.swift in Sources */,
				F00000000000000000000111 /* Features/RecipeDetail/RecipeDetailViewModel.swift in Sources */,
				F00000000000000000000112 /* Features/RecipeDetail/RecipeDetailView.swift in Sources */,
				F00000000000000000000113 /* Features/CreateRecipe/CreateRecipeViewModel.swift in Sources */,
				F00000000000000000000114 /* Features/CreateRecipe/CreateRecipeView.swift in Sources */,
				F00000000000000000000115 /* Features/Search/SearchViewModel.swift in Sources */,
				F00000000000000000000116 /* Features/Search/SearchView.swift in Sources */,
				F00000000000000000000117 /* Features/Profile/ProfileViewModel.swift in Sources */,
				F00000000000000000000118 /* Features/Profile/ProfileView.swift in Sources */,
				F00000000000000000000122 /* Features/Favorites/FavoritesViewModel.swift in Sources */,
				F00000000000000000000123 /* Features/Favorites/FavoritesView.swift in Sources */,
				F00000000000000000000125 /* Features/Auth/LoginView.swift in Sources */,
				F00000000000000000000119 /* Shared/DesignSystem.swift in Sources */,
				F00000000000000000000120 /* Shared/SauceComponents.swift in Sources */,
				F00000000000000000000126 /* Shared/ImageUploadPreprocessor.swift in Sources */,
			);
			runOnlyForDeploymentPostprocessing = 0;
		};
		A00000000000000000001201 /* Sources */ = {
			isa = PBXSourcesBuildPhase;
			buildActionMask = 2147483647;
			files = (
				F00000000000000000000201 /* APIContractTests.swift in Sources */,
				F00000000000000000000202 /* ViewModelTests.swift in Sources */,
				F00000000000000000000203 /* CachingAPIClientTests.swift in Sources */,
			);
			runOnlyForDeploymentPostprocessing = 0;
		};
		A00000000000000000001301 /* Sources */ = {
			isa = PBXSourcesBuildPhase;
			buildActionMask = 2147483647;
			files = (
				F00000000000000000000301 /* NuguSauceUITests.swift in Sources */,
			);
			runOnlyForDeploymentPostprocessing = 0;
		};
/* End PBXSourcesBuildPhase section */

/* Begin PBXTargetDependency section */
		D00000000000000000000011 /* PBXTargetDependency */ = {
			isa = PBXTargetDependency;
			target = A00000000000000000001000 /* NuguSauce */;
			targetProxy = D00000000000000000000001 /* PBXContainerItemProxy */;
		};
		D00000000000000000000012 /* PBXTargetDependency */ = {
			isa = PBXTargetDependency;
			target = A00000000000000000001000 /* NuguSauce */;
			targetProxy = D00000000000000000000002 /* PBXContainerItemProxy */;
		};
/* End PBXTargetDependency section */

/* Begin XCBuildConfiguration section */
		A00000000000000000002100 /* Debug */ = {
			isa = XCBuildConfiguration;
			buildSettings = {
				ALWAYS_SEARCH_USER_PATHS = NO;
				CLANG_ENABLE_MODULES = YES;
				CLANG_ENABLE_OBJC_ARC = YES;
				CLANG_WARN_DOCUMENTATION_COMMENTS = YES;
				CLANG_WARN_QUOTED_INCLUDE_IN_FRAMEWORK_HEADER = YES;
				COPY_PHASE_STRIP = NO;
				DEBUG_INFORMATION_FORMAT = dwarf;
				ENABLE_STRICT_OBJC_MSGSEND = YES;
				ENABLE_TESTABILITY = YES;
				GCC_C_LANGUAGE_STANDARD = gnu17;
				GCC_DYNAMIC_NO_PIC = NO;
				GCC_NO_COMMON_BLOCKS = YES;
				GCC_OPTIMIZATION_LEVEL = 0;
				IPHONEOS_DEPLOYMENT_TARGET = 17.0;
				MTL_ENABLE_DEBUG_INFO = INCLUDE_SOURCE;
				MTL_FAST_MATH = YES;
				ONLY_ACTIVE_ARCH = YES;
				SDKROOT = iphoneos;
				SWIFT_ACTIVE_COMPILATION_CONDITIONS = DEBUG;
				SWIFT_OPTIMIZATION_LEVEL = "-Onone";
			};
			name = Debug;
		};
		A00000000000000000002101 /* Release */ = {
			isa = XCBuildConfiguration;
			buildSettings = {
				ALWAYS_SEARCH_USER_PATHS = NO;
				CLANG_ENABLE_MODULES = YES;
				CLANG_ENABLE_OBJC_ARC = YES;
				COPY_PHASE_STRIP = NO;
				DEBUG_INFORMATION_FORMAT = "dwarf-with-dsym";
				ENABLE_NS_ASSERTIONS = NO;
				ENABLE_STRICT_OBJC_MSGSEND = YES;
				GCC_C_LANGUAGE_STANDARD = gnu17;
				GCC_NO_COMMON_BLOCKS = YES;
				IPHONEOS_DEPLOYMENT_TARGET = 17.0;
				MTL_ENABLE_DEBUG_INFO = NO;
				MTL_FAST_MATH = YES;
				SDKROOT = iphoneos;
				SWIFT_COMPILATION_MODE = wholemodule;
				SWIFT_OPTIMIZATION_LEVEL = "-O";
			};
			name = Release;
		};
		A00000000000000000002110 /* Debug */ = {
			isa = XCBuildConfiguration;
			buildSettings = {
				ASSETCATALOG_COMPILER_APPICON_NAME = AppIcon;
				CODE_SIGNING_ALLOWED = YES;
				CODE_SIGN_ENTITLEMENTS = NuguSauce/NuguSauce.entitlements;
				CODE_SIGN_STYLE = Automatic;
				CURRENT_PROJECT_VERSION = 1;
				DEVELOPMENT_ASSET_PATHS = "";
				DEVELOPMENT_TEAM = MDXGG9N5VC;
				ENABLE_PREVIEWS = YES;
				GENERATE_INFOPLIST_FILE = NO;
				INFOPLIST_FILE = NuguSauce/Info.plist;
				INFOPLIST_KEY_CFBundleDisplayName = NuguSauce;
				INFOPLIST_KEY_LSApplicationCategoryType = "public.app-category.food-and-drink";
				INFOPLIST_KEY_UIApplicationSceneManifest_Generation = YES;
				INFOPLIST_KEY_UIApplicationSupportsIndirectInputEvents = YES;
				INFOPLIST_KEY_UILaunchScreen_Generation = YES;
				INFOPLIST_KEY_UISupportedInterfaceOrientations_iPhone = UIInterfaceOrientationPortrait;
				KAKAO_NATIVE_APP_KEY = 220dd123265c8d0cffcbee57f081cc9e;
				MARKETING_VERSION = 1.0;
				PRODUCT_BUNDLE_IDENTIFIER = com.nugusauce.ios;
				PRODUCT_NAME = "$(TARGET_NAME)";
				SWIFT_EMIT_LOC_STRINGS = YES;
				SWIFT_VERSION = 5.0;
				TARGETED_DEVICE_FAMILY = 1;
			};
			name = Debug;
		};
		A00000000000000000002111 /* Release */ = {
			isa = XCBuildConfiguration;
			buildSettings = {
				ASSETCATALOG_COMPILER_APPICON_NAME = AppIcon;
				CODE_SIGNING_ALLOWED = YES;
				CODE_SIGN_ENTITLEMENTS = NuguSauce/NuguSauce.entitlements;
				CODE_SIGN_STYLE = Automatic;
				CURRENT_PROJECT_VERSION = 1;
				DEVELOPMENT_TEAM = MDXGG9N5VC;
				GENERATE_INFOPLIST_FILE = NO;
				INFOPLIST_FILE = NuguSauce/Info.plist;
				INFOPLIST_KEY_CFBundleDisplayName = NuguSauce;
				INFOPLIST_KEY_LSApplicationCategoryType = "public.app-category.food-and-drink";
				INFOPLIST_KEY_UIApplicationSceneManifest_Generation = YES;
				INFOPLIST_KEY_UIApplicationSupportsIndirectInputEvents = YES;
				INFOPLIST_KEY_UILaunchScreen_Generation = YES;
				INFOPLIST_KEY_UISupportedInterfaceOrientations_iPhone = UIInterfaceOrientationPortrait;
				KAKAO_NATIVE_APP_KEY = 220dd123265c8d0cffcbee57f081cc9e;
				MARKETING_VERSION = 1.0;
				PRODUCT_BUNDLE_IDENTIFIER = com.nugusauce.ios;
				PRODUCT_NAME = "$(TARGET_NAME)";
				SWIFT_EMIT_LOC_STRINGS = YES;
				SWIFT_VERSION = 5.0;
				TARGETED_DEVICE_FAMILY = 1;
			};
			name = Release;
		};
		A00000000000000000002120 /* Debug */ = {
			isa = XCBuildConfiguration;
			buildSettings = {
				BUNDLE_LOADER = "$(TEST_HOST)";
				CODE_SIGNING_ALLOWED = NO;
				CODE_SIGN_STYLE = Automatic;
				CURRENT_PROJECT_VERSION = 1;
				GENERATE_INFOPLIST_FILE = YES;
				IPHONEOS_DEPLOYMENT_TARGET = 17.0;
				MARKETING_VERSION = 1.0;
				PRODUCT_BUNDLE_IDENTIFIER = com.nugusauce.ios.tests;
				PRODUCT_NAME = "$(TARGET_NAME)";
				SWIFT_VERSION = 5.0;
				TARGETED_DEVICE_FAMILY = 1;
				TEST_HOST = "$(BUILT_PRODUCTS_DIR)/NuguSauce.app/$(BUNDLE_EXECUTABLE_FOLDER_PATH)/NuguSauce";
			};
			name = Debug;
		};
		A00000000000000000002121 /* Release */ = {
			isa = XCBuildConfiguration;
			buildSettings = {
				BUNDLE_LOADER = "$(TEST_HOST)";
				CODE_SIGNING_ALLOWED = NO;
				CODE_SIGN_STYLE = Automatic;
				CURRENT_PROJECT_VERSION = 1;
				GENERATE_INFOPLIST_FILE = YES;
				IPHONEOS_DEPLOYMENT_TARGET = 17.0;
				MARKETING_VERSION = 1.0;
				PRODUCT_BUNDLE_IDENTIFIER = com.nugusauce.ios.tests;
				PRODUCT_NAME = "$(TARGET_NAME)";
				SWIFT_VERSION = 5.0;
				TARGETED_DEVICE_FAMILY = 1;
				TEST_HOST = "$(BUILT_PRODUCTS_DIR)/NuguSauce.app/$(BUNDLE_EXECUTABLE_FOLDER_PATH)/NuguSauce";
			};
			name = Release;
		};
		A00000000000000000002130 /* Debug */ = {
			isa = XCBuildConfiguration;
			buildSettings = {
				CODE_SIGNING_ALLOWED = NO;
				CODE_SIGN_STYLE = Automatic;
				CURRENT_PROJECT_VERSION = 1;
				GENERATE_INFOPLIST_FILE = YES;
				IPHONEOS_DEPLOYMENT_TARGET = 17.0;
				MARKETING_VERSION = 1.0;
				PRODUCT_BUNDLE_IDENTIFIER = com.nugusauce.ios.uitests;
				PRODUCT_NAME = "$(TARGET_NAME)";
				SWIFT_VERSION = 5.0;
				TARGETED_DEVICE_FAMILY = 1;
				TEST_TARGET_NAME = NuguSauce;
			};
			name = Debug;
		};
		A00000000000000000002131 /* Release */ = {
			isa = XCBuildConfiguration;
			buildSettings = {
				CODE_SIGNING_ALLOWED = NO;
				CODE_SIGN_STYLE = Automatic;
				CURRENT_PROJECT_VERSION = 1;
				GENERATE_INFOPLIST_FILE = YES;
				IPHONEOS_DEPLOYMENT_TARGET = 17.0;
				MARKETING_VERSION = 1.0;
				PRODUCT_BUNDLE_IDENTIFIER = com.nugusauce.ios.uitests;
				PRODUCT_NAME = "$(TARGET_NAME)";
				SWIFT_VERSION = 5.0;
				TARGETED_DEVICE_FAMILY = 1;
				TEST_TARGET_NAME = NuguSauce;
			};
			name = Release;
		};
/* End XCBuildConfiguration section */

/* Begin XCConfigurationList section */
		A00000000000000000002000 /* Build configuration list for PBXProject "NuguSauce" */ = {
			isa = XCConfigurationList;
			buildConfigurations = (
				A00000000000000000002100 /* Debug */,
				A00000000000000000002101 /* Release */,
			);
			defaultConfigurationIsVisible = 0;
			defaultConfigurationName = Release;
		};
		A00000000000000000002010 /* Build configuration list for PBXNativeTarget "NuguSauce" */ = {
			isa = XCConfigurationList;
			buildConfigurations = (
				A00000000000000000002110 /* Debug */,
				A00000000000000000002111 /* Release */,
			);
			defaultConfigurationIsVisible = 0;
			defaultConfigurationName = Release;
		};
		A00000000000000000002020 /* Build configuration list for PBXNativeTarget "NuguSauceTests" */ = {
			isa = XCConfigurationList;
			buildConfigurations = (
				A00000000000000000002120 /* Debug */,
				A00000000000000000002121 /* Release */,
			);
			defaultConfigurationIsVisible = 0;
			defaultConfigurationName = Release;
		};
		A00000000000000000002030 /* Build configuration list for PBXNativeTarget "NuguSauceUITests" */ = {
			isa = XCConfigurationList;
			buildConfigurations = (
				A00000000000000000002130 /* Debug */,
				A00000000000000000002131 /* Release */,
			);
			defaultConfigurationIsVisible = 0;
			defaultConfigurationName = Release;
		};
/* End XCConfigurationList section */

/* Begin XCRemoteSwiftPackageReference section */
		P00000000000000000000400 /* XCRemoteSwiftPackageReference "kakao-ios-sdk" */ = {
			isa = XCRemoteSwiftPackageReference;
			repositoryURL = "https://github.com/kakao/kakao-ios-sdk";
			requirement = {
				kind = upToNextMajorVersion;
				minimumVersion = 2.27.3;
			};
		};
/* End XCRemoteSwiftPackageReference section */

/* Begin XCSwiftPackageProductDependency section */
		P00000000000000000000401 /* KakaoSDKCommon */ = {
			isa = XCSwiftPackageProductDependency;
			package = P00000000000000000000400 /* XCRemoteSwiftPackageReference "kakao-ios-sdk" */;
			productName = KakaoSDKCommon;
		};
		P00000000000000000000402 /* KakaoSDKAuth */ = {
			isa = XCSwiftPackageProductDependency;
			package = P00000000000000000000400 /* XCRemoteSwiftPackageReference "kakao-ios-sdk" */;
			productName = KakaoSDKAuth;
		};
		P00000000000000000000403 /* KakaoSDKUser */ = {
			isa = XCSwiftPackageProductDependency;
			package = P00000000000000000000400 /* XCRemoteSwiftPackageReference "kakao-ios-sdk" */;
			productName = KakaoSDKUser;
		};
/* End XCSwiftPackageProductDependency section */
	};
	rootObject = A00000000000000000000001 /* Project object */;
}
